<Solution>
  <Folder Name="/scientific-research-assistant/">
    <Project Path="scientific-research-assistant\src\ScientificResearchAssistant\ScientificResearchAssistant.csproj" />
    <Project Path="scientific-research-assistant\src\ScientificResearchAssistant.Api\ScientificResearchAssistant.Api.csproj" />
    <File Path="scientific-research-assistant\README.md" />
    <File Path="scientific-research-assistant\start.sh" />
  </Folder>
  <Folder Name="/scientific-research-assistant/docs/">
    <File Path="scientific-research-assistant\docs\INTEGRATION_GUIDE.md" />
    <File Path="scientific-research-assistant\docs\ARCHITECTURE.md" />
    <File Path="scientific-research-assistant\docs\CONFIGURATION.md" />
    <File Path="scientific-research-assistant\docs\DEVELOPMENT.md" />
  </Folder>
  <Folder Name="/src/">
    <Project Path="src\Aevatar.Agents.Abstractions\Aevatar.Agents.Abstractions.csproj" />
    <Project Path="src\Aevatar.Agents.Core\Aevatar.Agents.Core.csproj" />
    <Project Path="src\Aevatar.Agents.AI.Core\Aevatar.Agents.AI.Core.csproj" />
    <Project Path="src\Aevatar.Agents.AI.MEAI\Aevatar.Agents.AI.MEAI.csproj" />
    <Project Path="src\Aevatar.Agents.Runtime.Local\Aevatar.Agents.Runtime.Local.csproj" />
  </Folder>
  <Folder Name="/root/">
    <File Path="AGENTS.md" />
    <File Path="Directory.Packages.props" />
  </Folder>
</Solution>