<Solution>
  <Folder Name="/learning/">
    <Project Path="learning\src\Aevatar.Learning\Aevatar.Learning.csproj" />
    <Project Path="learning\src\Aevatar.Learning.Api\Aevatar.Learning.Api.csproj" />
    <Project Path="learning\Aevatar.Learning.AppHost\Aevatar.Learning.AppHost.csproj" />
    <File Path="learning\README.md" />
    <File Path="learning\start.sh" />
  </Folder>
  <Folder Name="/learning/docs/">
    <File Path="learning\docs\ARCHITECTURE.md" />
    <File Path="learning\docs\CONFIGURATION.md" />
    <File Path="learning\docs\DEVELOPMENT.md" />
  </Folder>
  <Folder Name="/src/">
    <Project Path="src\Aevatar.Agents.Abstractions\Aevatar.Agents.Abstractions.csproj" />
    <Project Path="src\Aevatar.Agents.Core\Aevatar.Agents.Core.csproj" />
    <Project Path="src\Aevatar.Agents.Runtime.Local\Aevatar.Agents.Runtime.Local.csproj" />
    <Project Path="src\Aevatar.Agents.AGUI\Aevatar.Agents.AGUI.csproj" />
    <Project Path="src\Aevatar.Agents.AI.Core\Aevatar.Agents.AI.Core.csproj" />
    <Project Path="src\Aevatar.Agents.AI.MEAI\Aevatar.Agents.AI.MEAI.csproj" />
  </Folder>
  <Folder Name="/root/">
    <File Path="AGENTS.md" />
    <File Path="Directory.Packages.props" />
  </Folder>
</Solution>


