<Solution>
  <Folder Name="/docs/">
    <File Path="docs\AEVATAR_FRAMEWORK_GUIDE.md" />
    <File Path="docs\CONSTITUTION.md" />
    <File Path="docs\ARCHITECTURE_REFERENCE.md" />
    <File Path="docs\AI_AGENT_MAKER_GUIDE.md" />
    <File Path="docs\ABP_ADMIN_UI_SETUP.md" />
    <File Path="docs\MAKER_ARCHITECTURAL_DESIGN.md" />
    <File Path="docs\MASSTRANSIT_INTEGRATION_PLAN.md" />
    <File Path="docs\MAKER_ARCHITECTURAL_DESIGN_zh.md" />
    <File Path="docs\MASSTRANSIT_INTEGRATION_GUIDE.md" />
    <File Path="docs\structure.md" />
  </Folder>
  <Folder Name="/plugins/">
    <Project Path="plugins\Aevatar.Agents.Plugins.CQRS\Aevatar.Agents.Plugins.CQRS.csproj" />
    <Project Path="plugins\Aevatar.Agents.Plugins.MassTransit\Aevatar.Agents.Plugins.MassTransit.csproj" />
  </Folder>
  <Folder Name="/src/">
    <Project Path="src/Aevatar.Agents.A2UI/Aevatar.Agents.A2UI.csproj" />
    <Project Path="src/Aevatar.Agents.Knowledge.Graph/Aevatar.Agents.Knowledge.Graph.csproj" />
    <Project Path="src\Aevatar.Agents.Abstractions\Aevatar.Agents.Abstractions.csproj" />
    <Project Path="src\Aevatar.Agents.AGUI\Aevatar.Agents.AGUI.csproj" />
    <Project Path="src\Aevatar.Agents.AI.Abstractions\Aevatar.Agents.AI.Abstractions.csproj" />
    <Project Path="src\Aevatar.Agents.AI.Core\Aevatar.Agents.AI.Core.csproj" />
    <Project Path="src\Aevatar.Agents.AI.LLMTornado\Aevatar.Agents.AI.LLMTornado.csproj" />
    <Project Path="src\Aevatar.Agents.AI.MEAI\Aevatar.Agents.AI.MEAI.csproj" />
    <Project Path="src\Aevatar.Agents.AI.WithProcessStrategy\Aevatar.Agents.AI.WithProcessStrategy.csproj" />
    <Project Path="src\Aevatar.Agents.Cognitive\Aevatar.Agents.Cognitive.csproj" />
    <Project Path="src\Aevatar.Agents.Cognitive.Core\Aevatar.Agents.Cognitive.Core.csproj" />
    <Project Path="src\Aevatar.Agents.Cognitive.Content\Aevatar.Agents.Cognitive.Content.csproj" />
    <Project Path="src\Aevatar.Agents.Cognitive.Streaming\Aevatar.Agents.Cognitive.Streaming.csproj" />
    <Project Path="src\Aevatar.Agents.Configuration\Aevatar.Agents.Configuration.csproj" />
    <Project Path="src\Aevatar.Agents.Core\Aevatar.Agents.Core.csproj" />
    <Project Path="src\Aevatar.Agents.CreativeReasoning\Aevatar.Agents.CreativeReasoning.csproj" />
    <Project Path="src\Aevatar.Agents.Maker\Aevatar.Agents.Maker.csproj" />
    <Project Path="src\Aevatar.Agents.Persistence.Graph\Aevatar.Agents.Persistence.Graph.csproj" />
    <Project Path="src\Aevatar.Agents.Persistence.InMemory.Graph\Aevatar.Agents.Persistence.InMemory.Graph.csproj" />
    <Project Path="src\Aevatar.Agents.Persistence.Neo4j\Aevatar.Agents.Persistence.Neo4j.csproj" />
    <Project Path="src\Aevatar.Agents.Persistence.Neo4j.Graph\Aevatar.Agents.Persistence.Neo4j.Graph.csproj" />
    <Project Path="src\Aevatar.Agents.Persistence.Neo4j.MemoryGraph\Aevatar.Agents.Persistence.Neo4j.MemoryGraph.csproj" />
    <Project Path="src\Aevatar.Agents.Persistence.MongoDB\Aevatar.Agents.Persistence.MongoDB.csproj" />
    <Project Path="src\Aevatar.Agents.Persistence.MongoDB.GAgent\Aevatar.Agents.Persistence.MongoDB.GAgent.csproj" />
    <Project Path="src\Aevatar.Agents.Persistence.MongoDB.Memory\Aevatar.Agents.Persistence.MongoDB.Memory.csproj" />
    <Project Path="src\Aevatar.Agents.Persistence.Supabase\Aevatar.Agents.Persistence.Supabase.csproj" />
    <Project Path="src\Aevatar.Agents.Persistence.Supabase.GAgent\Aevatar.Agents.Persistence.Supabase.GAgent.csproj" />
    <Project Path="src\Aevatar.Agents.Persistence.Supabase.Memory\Aevatar.Agents.Persistence.Supabase.Memory.csproj" />
    <Project Path="src\Aevatar.Agents.Runtime.Local\Aevatar.Agents.Runtime.Local.csproj" />
    <Project Path="src\Aevatar.Agents.Runtime.Orleans.MongoDB\Aevatar.Agents.Runtime.Orleans.MongoDB.csproj" />
    <Project Path="src\Aevatar.Agents.Runtime.Orleans\Aevatar.Agents.Runtime.Orleans.csproj" />
    <Project Path="src\Aevatar.Agents.Runtime.ProtoActor\Aevatar.Agents.Runtime.ProtoActor.csproj" />
    <Project Path="src\Aevatar.Agents.Runtime\Aevatar.Agents.Runtime.csproj" />
    <Project Path="src\Aevatar.CognitiveMesh.Dsl\Aevatar.CognitiveMesh.Dsl.csproj" />
  </Folder>
  <Folder Name="/test/">
    <Project Path="test/Aevatar.Agents.A2UI.Tests/Aevatar.Agents.A2UI.Tests.csproj" />
    <Project Path="test/Aevatar.Agents.AGUI.Tests/Aevatar.Agents.AGUI.Tests.csproj" />
    <Project Path="test/Aevatar.Agents.AI.Core.Tests/Aevatar.Agents.AI.Core.Tests.csproj" />
    <Project Path="test/Aevatar.Agents.Maker.Tests/Aevatar.Agents.Maker.Tests.csproj" />
    <Project Path="test\Aevatar.Agents.Abstractions.Tests\Aevatar.Agents.Abstractions.Tests.csproj" />
    <Project Path="test\Aevatar.Agents.AI.Abstractions.Tests\Aevatar.Agents.AI.Abstractions.Tests.csproj" />
    <Project Path="test\Aevatar.Agents.AI.LLMTornado.Tests\Aevatar.Agents.AI.LLMTornado.Tests.csproj" />
    <Project Path="test\Aevatar.Agents.AI.Tests\Aevatar.Agents.AI.Tests.csproj" />
    <Project Path="test\Aevatar.Agents.Core.Tests.Agents\Aevatar.Agents.Core.Tests.Agents.csproj" />
    <Project Path="test\Aevatar.Agents.Core.Tests\Aevatar.Agents.Core.Tests.csproj" />
    <Project Path="test/Aevatar.Agents.CreativeReasoning.Tests/Aevatar.Agents.CreativeReasoning.Tests.csproj" />
    <Project Path="test\Aevatar.Agents.Local.Tests\Aevatar.Agents.Local.Tests.csproj" />
    <Project Path="test\Aevatar.Agents.Orleans.MongoDB.Tests\Aevatar.Agents.Orleans.MongoDB.Tests.csproj" />
    <Project Path="test\Aevatar.Agents.Orleans.Tests\Aevatar.Agents.Orleans.Tests.csproj" />
    <Project Path="test\Aevatar.Agents.Persistence.MongoDB.Tests\Aevatar.Agents.Persistence.MongoDB.Tests.csproj" />
    <Project Path="test\Aevatar.Agents.Persistence.Supabase.Tests\Aevatar.Agents.Persistence.Supabase.Tests.csproj" />
    <Project Path="test\Aevatar.Agents.Plugins.MassTransit.Tests\Aevatar.Agents.Plugins.MassTransit.Tests.csproj" />
    <Project Path="test\Aevatar.Agents.ProtoActor.Tests\Aevatar.Agents.ProtoActor.Tests.csproj" />
    <Project Path="test/Aevatar.Agents.Runtime.Tests/Aevatar.Agents.Runtime.Tests.csproj" />
    <Project Path="test\Aevatar.Agents.TestBase\Aevatar.Agents.TestBase.csproj" />
    <Project Path="test\Aevatar.Agents.Twitter.Tests\Aevatar.Agents.Twitter.Tests.csproj" />
    <Project Path="test\Aevatar.Agents.Workflow.Tests\Aevatar.Agents.Workflow.Tests.csproj" />
    <Project Path="test\Aevatar.CognitiveMesh.Dsl.Tests\Aevatar.CognitiveMesh.Dsl.Tests.csproj" />
    <Project Path="test\Aevatar.Agents.Persistence.Graph.Tests\Aevatar.Agents.Persistence.Graph.Tests.csproj" />
    <File Path="test/README.md" />
    <File Path="test\UnitTestDesign.md" />
  </Folder>
</Solution>
