<Solution>
  <Folder Name="/scientific-research-assistant/">
    <Project Path="scientific-research-assistant\src\ScientificResearchAssistant\ScientificResearchAssistant.csproj" />
    <Project Path="scientific-research-assistant\src\ScientificResearchAssistant.Api\ScientificResearchAssistant.Api.csproj" />
    <Project Path="scientific-research-assistant\src\ScientificResearchAssistant.Contracts\ScientificResearchAssistant.Contracts.csproj" />
    <Project Path="scientific-research-assistant\ScientificResearchAssistant.AppHost\ScientificResearchAssistant.AppHost.csproj" />
    <File Path="scientific-research-assistant\README.md" />
    <File Path="scientific-research-assistant\start.sh" />
  </Folder>

  <Folder Name="/scientific-research-assistant/docs/">
    <File Path="scientific-research-assistant\docs\INTEGRATION_GUIDE.md" />
    <File Path="scientific-research-assistant\docs\ARCHITECTURE.md" />
    <File Path="scientific-research-assistant\docs\VIBE_RESEARCHING.md" />
    <File Path="scientific-research-assistant\docs\CONFIGURATION.md" />
    <File Path="scientific-research-assistant\docs\DEVELOPMENT.md" />
  </Folder>

  <Folder Name="/scientific-research-assistant/facts/">
    <File Path="scientific-research-assistant\facts\README.md" />
  </Folder>

  <Folder Name="/scientific-research-assistant/sources/">
    <File Path="scientific-research-assistant\sources\README.md" />
    <File Path="scientific-research-assistant\sources\axioms\README.md" />
    <File Path="scientific-research-assistant\sources\axioms\example_axioms.md" />
    <File Path="scientific-research-assistant\sources\references\README.md" />
    <File Path="scientific-research-assistant\sources\references\example_reference.md" />
  </Folder>

  <Folder Name="/scientific-research-assistant/materials/">
    <File Path="scientific-research-assistant\materials\README.md" />
  </Folder>

  <Folder Name="/src/">
    <Project Path="src\Aevatar.Agents.Abstractions\Aevatar.Agents.Abstractions.csproj" />
    <Project Path="src\Aevatar.Agents.Core\Aevatar.Agents.Core.csproj" />
    <Project Path="src\Aevatar.Agents.AI.Core\Aevatar.Agents.AI.Core.csproj" />
    <Project Path="src\Aevatar.Agents.AI.MEAI\Aevatar.Agents.AI.MEAI.csproj" />
    <Project Path="src\Aevatar.Agents.Runtime.Local\Aevatar.Agents.Runtime.Local.csproj" />
    <Project Path="src\Aevatar.Agents.AGUI\Aevatar.Agents.AGUI.csproj" />
  </Folder>

  <Folder Name="/root/">
    <File Path="AGENTS.md" />
    <File Path="Directory.Packages.props" />
  </Folder>
</Solution>


