<Solution>
  <Folder Name="/novel/">
    <Project Path="novel\src\Aevatar.Novel.Contracts\Aevatar.Novel.Contracts.csproj" />
    <Project Path="novel\src\Aevatar.Novel.Sidecar\Aevatar.Novel.Sidecar.csproj" />
    <File Path="novel\src\README.md" />
  </Folder>
  <Folder Name="/novel/docs/">
    <File Path="novel\docs\PLAN.md" />
    <File Path="novel\docs\PRD.md" />
    <File Path="novel\docs\STORAGE.md" />
    <File Path="novel\docs\STRUCTURE.md" />
  </Folder>
  <Folder Name="/novel/protos/">
    <File Path="novel\protos\novel_assets.proto" />
    <File Path="novel\protos\novel_pipeline.proto" />
    <File Path="novel\protos\novel_sidecar.proto" />
    <File Path="novel\protos\docs\README.md" />
  </Folder>
  <Folder Name="/novel/agent_skills/">
    <File Path="novel\agent_skills\README.md" />
  </Folder>
  <Folder Name="/novel/frontend/">
    <File Path="novel\frontend\README.md" />
    <File Path="novel\frontend\package.json" />
    <File Path="novel\frontend\src-tauri\Cargo.toml" />
  </Folder>
  <Folder Name="/src/">
    <Project Path="src\Aevatar.Agents.Abstractions\Aevatar.Agents.Abstractions.csproj" />
    <Project Path="src\Aevatar.Agents.Core\Aevatar.Agents.Core.csproj" />
    <Project Path="src\Aevatar.Agents.Runtime.Local\Aevatar.Agents.Runtime.Local.csproj" />
  </Folder>
  <Folder Name="/root/">
    <File Path="AGENTS.md" />
    <File Path="Directory.Packages.props" />
  </Folder>
</Solution>


