<Solution>
  <Folder Name="/src/">
    <Project Path="Aevatar.Platform.Contracts\Aevatar.Platform.Contracts.csproj" />
    <Project Path="Aevatar.Platform.Core\Aevatar.Platform.Core.csproj" />
    <Project Path="Aevatar.Platform.Cli\Aevatar.Platform.Cli.csproj" />
    <Project Path="Aevatar.Platform.Server\Aevatar.Platform.Server.csproj" />
  </Folder>
  <Folder Name="/test/">
    <Project Path="..\test\Aevatar.Platform.Tests\Aevatar.Platform.Tests.csproj" />
  </Folder>
</Solution>


