<Solution>
  <Folder Name="/experimental/notebook/">
    <Project Path="src\Aevatar.Notebook\Aevatar.Notebook.csproj" />
    <Project Path="src\Aevatar.Notebook.Api\Aevatar.Notebook.Api.csproj" />
    <Project Path="Aevatar.Notebook.AppHost\Aevatar.Notebook.AppHost.csproj" />
    <File Path="README.md" />
    <File Path="VALIDATION.md" />
    <File Path="boot.sh" />
  </Folder>

  <Folder Name="/experimental/notebook/docs/">
    <File Path="docs\README.md" />
    <File Path="docs\ARCHITECTURE.md" />
    <File Path="docs\CONFIGURATION.md" />
    <File Path="docs\DEVELOPMENT.md" />
  </Folder>

  <Folder Name="/src/">
    <Project Path="..\..\src\Aevatar.Agents.Abstractions\Aevatar.Agents.Abstractions.csproj" />
    <Project Path="..\..\src\Aevatar.Agents.Core\Aevatar.Agents.Core.csproj" />
    <Project Path="..\..\src\Aevatar.Agents.Runtime.Local\Aevatar.Agents.Runtime.Local.csproj" />
    <Project Path="..\..\src\Aevatar.Agents.AI.Core\Aevatar.Agents.AI.Core.csproj" />
    <Project Path="..\..\src\Aevatar.Agents.AI.MEAI\Aevatar.Agents.AI.MEAI.csproj" />
    <Project Path="..\..\src\Aevatar.Agents.AGUI\Aevatar.Agents.AGUI.csproj" />
  </Folder>

  <Folder Name="/root/">
    <File Path="..\..\AGENTS.md" />
    <File Path="..\..\Directory.Packages.props" />
  </Folder>
</Solution>


